{
  "nodes": {
    "flake-compat": {
      "flake": false,
      "locked": {
        "lastModified": 1673956053,
        "narHash": "sha256-4gtG9iQuiKITOjNQQeQIpoIB6b16fm+504Ch3sNKLd8=",
        "owner": "edolstra",
        "repo": "flake-compat",
        "rev": "35bb57c0c8d8b62bbfd284272c928ceb64ddbde9",
        "type": "github"
      },
      "original": {
        "owner": "edolstra",
        "repo": "flake-compat",
        "type": "github"
      }
    },
    "nixpkgs": {
      "locked": {
        "lastModified": 1693341273,
        "narHash": "sha256-wrsPjsIx2767909MPGhSIOmkpGELM9eufqLQOPxmZQg=",
        "owner": "NixOS",
        "repo": "nixpkgs",
        "rev": "2ab91c8d65c00fd22a441c69bbf1bc9b420d5ea1",
        "type": "github"
      },
      "original": {
        "owner": "NixOS",
        "ref": "nixos-23.05",
        "repo": "nixpkgs",
        "type": "github"
      }
    },
    "root": {
      "inputs": {
        "flake-compat": "flake-compat",
        "nixpkgs": "nixpkgs",
        "sway-src": "sway-src",
        "utils": "utils",
        "wlroots-src": "wlroots-src"
      }
    },
    "sway-src": {
      "flake": false,
      "locked": {
        "lastModified": 1693365083,
        "narHash": "sha256-ZcSBieBYogZUEoLFFjeQkb63Dn48cRj0DMbjweaT+w4=",
        "owner": "YellowOnion",
        "repo": "sway",
        "rev": "8fad3962290c15c4a6c997e33a352c7bdf2de4a6",
        "type": "github"
      },
      "original": {
        "owner": "YellowOnion",
        "ref": "deferred-cursor-move",
        "repo": "sway",
        "type": "github"
      }
    },
    "systems": {
      "locked": {
        "lastModified": 1681028828,
        "narHash": "sha256-Vy1rq5AaRuLzOxct8nz4T6wlgyUR7zLU309k9mBC768=",
        "owner": "nix-systems",
        "repo": "default",
        "rev": "da67096a3b9bf56a91d16901293e51ba5b49a27e",
        "type": "github"
      },
      "original": {
        "owner": "nix-systems",
        "repo": "default",
        "type": "github"
      }
    },
    "utils": {
      "inputs": {
        "systems": "systems"
      },
      "locked": {
        "lastModified": 1692799911,
        "narHash": "sha256-3eihraek4qL744EvQXsK1Ha6C3CR7nnT8X2qWap4RNk=",
        "owner": "numtide",
        "repo": "flake-utils",
        "rev": "f9e7cf818399d17d347f847525c5a5a8032e4e44",
        "type": "github"
      },
      "original": {
        "owner": "numtide",
        "repo": "flake-utils",
        "type": "github"
      }
    },
    "wlroots-src": {
      "flake": false,
      "locked": {
        "lastModified": 1696072111,
        "narHash": "sha256-8slcgdDQLjLuZOdXidmwN+8moEekWAHGqMlrVtQaM+o=",
        "owner": "YellowOnion",
        "repo": "wlroots",
        "rev": "a90d4b3167ef8eb45a2131b35d66af3a3a031c29",
        "type": "github"
      },
      "original": {
        "owner": "YellowOnion",
        "ref": "deferred-cursor-move",
        "repo": "wlroots",
        "type": "github"
      }
    }
  },
  "root": "root",
  "version": 7
}
